
Microsoft Visual Studio Solution File, Format Version 12.00
# Visual Studio Version 16
VisualStudioVersion = 16.0.29209.152
MinimumVisualStudioVersion = 10.0.40219.1
Project("{9A19103F-16F7-4668-BE54-9A1E7A4F7556}") = "RoomL21.Web", "RoomL21.Web\RoomL21.Web.csproj", "{73F8ADA6-55E5-4838-894E-80BFC2885937}"
EndProject
Project("{9A19103F-16F7-4668-BE54-9A1E7A4F7556}") = "RoomL21.Common", "RoomL21.Common\RoomL21.Common.csproj", "{ED46A9D2-7E88-4928-95A1-274F21216785}"
EndProject
Project("{FAE04EC0-301F-11D3-BF4B-00C04F79EFBC}") = "RoomL21.Prism.Android", "RoomL21.Prism\RoomL21.Prism.Android\RoomL21.Prism.Android.csproj", "{A7DB74BE-4374-489A-B83B-400831469EAD}"
EndProject
Project("{9A19103F-16F7-4668-BE54-9A1E7A4F7556}") = "RoomL21.Prism", "RoomL21.Prism\RoomL21.Prism\RoomL21.Prism.csproj", "{45515BE5-79F7-43BF-8E02-7AD11150C5E0}"
EndProject
Global
	GlobalSection(SolutionConfigurationPlatforms) = preSolution
		Ad-Hoc|Any CPU = Ad-Hoc|Any CPU
		Ad-Hoc|iPhone = Ad-Hoc|iPhone
		Ad-Hoc|iPhoneSimulator = Ad-Hoc|iPhoneSimulator
		AppStore|Any CPU = AppStore|Any CPU
		AppStore|iPhone = AppStore|iPhone
		AppStore|iPhoneSimulator = AppStore|iPhoneSimulator
		Debug|Any CPU = Debug|Any CPU
		Debug|iPhone = Debug|iPhone
		Debug|iPhoneSimulator = Debug|iPhoneSimulator
		Release|Any CPU = Release|Any CPU
		Release|iPhone = Release|iPhone
		Release|iPhoneSimulator = Release|iPhoneSimulator
	EndGlobalSection
	GlobalSection(ProjectConfigurationPlatforms) = postSolution
		{73F8ADA6-55E5-4838-894E-80BFC2885937}.Ad-Hoc|Any CPU.ActiveCfg = Debug|Any CPU
		{73F8ADA6-55E5-4838-894E-80BFC2885937}.Ad-Hoc|Any CPU.Build.0 = Debug|Any CPU
		{73F8ADA6-55E5-4838-894E-80BFC2885937}.Ad-Hoc|iPhone.ActiveCfg = Debug|Any CPU
		{73F8ADA6-55E5-4838-894E-80BFC2885937}.Ad-Hoc|iPhone.Build.0 = Debug|Any CPU
		{73F8ADA6-55E5-4838-894E-80BFC2885937}.Ad-Hoc|iPhoneSimulator.ActiveCfg = Debug|Any CPU
		{73F8ADA6-55E5-4838-894E-80BFC2885937}.Ad-Hoc|iPhoneSimulator.Build.0 = Debug|Any CPU
		{73F8ADA6-55E5-4838-894E-80BFC2885937}.AppStore|Any CPU.ActiveCfg = Debug|Any CPU
		{73F8ADA6-55E5-4838-894E-80BFC2885937}.AppStore|Any CPU.Build.0 = Debug|Any CPU
		{73F8ADA6-55E5-4838-894E-80BFC2885937}.AppStore|iPhone.ActiveCfg = Debug|Any CPU
		{73F8ADA6-55E5-4838-894E-80BFC2885937}.AppStore|iPhone.Build.0 = Debug|Any CPU
		{73F8ADA6-55E5-4838-894E-80BFC2885937}.AppStore|iPhoneSimulator.ActiveCfg = Debug|Any CPU
		{73F8ADA6-55E5-4838-894E-80BFC2885937}.AppStore|iPhoneSimulator.Build.0 = Debug|Any CPU
		{73F8ADA6-55E5-4838-894E-80BFC2885937}.Debug|Any CPU.ActiveCfg = Debug|Any CPU
		{73F8ADA6-55E5-4838-894E-80BFC2885937}.Debug|Any CPU.Build.0 = Debug|Any CPU
		{73F8ADA6-55E5-4838-894E-80BFC2885937}.Debug|iPhone.ActiveCfg = Debug|Any CPU
		{73F8ADA6-55E5-4838-894E-80BFC2885937}.Debug|iPhone.Build.0 = Debug|Any CPU
		{73F8ADA6-55E5-4838-894E-80BFC2885937}.Debug|iPhoneSimulator.ActiveCfg = Debug|Any CPU
		{73F8ADA6-55E5-4838-894E-80BFC2885937}.Debug|iPhoneSimulator.Build.0 = Debug|Any CPU
		{73F8ADA6-55E5-4838-894E-80BFC2885937}.Release|Any CPU.ActiveCfg = Release|Any CPU
		{73F8ADA6-55E5-4838-894E-80BFC2885937}.Release|Any CPU.Build.0 = Release|Any CPU
		{73F8ADA6-55E5-4838-894E-80BFC2885937}.Release|iPhone.ActiveCfg = Release|Any CPU
		{73F8ADA6-55E5-4838-894E-80BFC2885937}.Release|iPhone.Build.0 = Release|Any CPU
		{73F8ADA6-55E5-4838-894E-80BFC2885937}.Release|iPhoneSimulator.ActiveCfg = Release|Any CPU
		{73F8ADA6-55E5-4838-894E-80BFC2885937}.Release|iPhoneSimulator.Build.0 = Release|Any CPU
		{ED46A9D2-7E88-4928-95A1-274F21216785}.Ad-Hoc|Any CPU.ActiveCfg = Debug|Any CPU
		{ED46A9D2-7E88-4928-95A1-274F21216785}.Ad-Hoc|Any CPU.Build.0 = Debug|Any CPU
		{ED46A9D2-7E88-4928-95A1-274F21216785}.Ad-Hoc|iPhone.ActiveCfg = Debug|Any CPU
		{ED46A9D2-7E88-4928-95A1-274F21216785}.Ad-Hoc|iPhone.Build.0 = Debug|Any CPU
		{ED46A9D2-7E88-4928-95A1-274F21216785}.Ad-Hoc|iPhoneSimulator.ActiveCfg = Debug|Any CPU
		{ED46A9D2-7E88-4928-95A1-274F21216785}.Ad-Hoc|iPhoneSimulator.Build.0 = Debug|Any CPU
		{ED46A9D2-7E88-4928-95A1-274F21216785}.AppStore|Any CPU.ActiveCfg = Debug|Any CPU
		{ED46A9D2-7E88-4928-95A1-274F21216785}.AppStore|Any CPU.Build.0 = Debug|Any CPU
		{ED46A9D2-7E88-4928-95A1-274F21216785}.AppStore|iPhone.ActiveCfg = Debug|Any CPU
		{ED46A9D2-7E88-4928-95A1-274F21216785}.AppStore|iPhone.Build.0 = Debug|Any CPU
		{ED46A9D2-7E88-4928-95A1-274F21216785}.AppStore|iPhoneSimulator.ActiveCfg = Debug|Any CPU
		{ED46A9D2-7E88-4928-95A1-274F21216785}.AppStore|iPhoneSimulator.Build.0 = Debug|Any CPU
		{ED46A9D2-7E88-4928-95A1-274F21216785}.Debug|Any CPU.ActiveCfg = Debug|Any CPU
		{ED46A9D2-7E88-4928-95A1-274F21216785}.Debug|Any CPU.Build.0 = Debug|Any CPU
		{ED46A9D2-7E88-4928-95A1-274F21216785}.Debug|iPhone.ActiveCfg = Debug|Any CPU
		{ED46A9D2-7E88-4928-95A1-274F21216785}.Debug|iPhone.Build.0 = Debug|Any CPU
		{ED46A9D2-7E88-4928-95A1-274F21216785}.Debug|iPhoneSimulator.ActiveCfg = Debug|Any CPU
		{ED46A9D2-7E88-4928-95A1-274F21216785}.Debug|iPhoneSimulator.Build.0 = Debug|Any CPU
		{ED46A9D2-7E88-4928-95A1-274F21216785}.Release|Any CPU.ActiveCfg = Release|Any CPU
		{ED46A9D2-7E88-4928-95A1-274F21216785}.Release|Any CPU.Build.0 = Release|Any CPU
		{ED46A9D2-7E88-4928-95A1-274F21216785}.Release|iPhone.ActiveCfg = Release|Any CPU
		{ED46A9D2-7E88-4928-95A1-274F21216785}.Release|iPhone.Build.0 = Release|Any CPU
		{ED46A9D2-7E88-4928-95A1-274F21216785}.Release|iPhoneSimulator.ActiveCfg = Release|Any CPU
		{ED46A9D2-7E88-4928-95A1-274F21216785}.Release|iPhoneSimulator.Build.0 = Release|Any CPU
		{A7DB74BE-4374-489A-B83B-400831469EAD}.Ad-Hoc|Any CPU.ActiveCfg = Release|Any CPU
		{A7DB74BE-4374-489A-B83B-400831469EAD}.Ad-Hoc|Any CPU.Build.0 = Release|Any CPU
		{A7DB74BE-4374-489A-B83B-400831469EAD}.Ad-Hoc|Any CPU.Deploy.0 = Release|Any CPU
		{A7DB74BE-4374-489A-B83B-400831469EAD}.Ad-Hoc|iPhone.ActiveCfg = Release|Any CPU
		{A7DB74BE-4374-489A-B83B-400831469EAD}.Ad-Hoc|iPhone.Build.0 = Release|Any CPU
		{A7DB74BE-4374-489A-B83B-400831469EAD}.Ad-Hoc|iPhone.Deploy.0 = Release|Any CPU
		{A7DB74BE-4374-489A-B83B-400831469EAD}.Ad-Hoc|iPhoneSimulator.ActiveCfg = Release|Any CPU
		{A7DB74BE-4374-489A-B83B-400831469EAD}.Ad-Hoc|iPhoneSimulator.Build.0 = Release|Any CPU
		{A7DB74BE-4374-489A-B83B-400831469EAD}.Ad-Hoc|iPhoneSimulator.Deploy.0 = Release|Any CPU
		{A7DB74BE-4374-489A-B83B-400831469EAD}.AppStore|Any CPU.ActiveCfg = Release|Any CPU
		{A7DB74BE-4374-489A-B83B-400831469EAD}.AppStore|Any CPU.Build.0 = Release|Any CPU
		{A7DB74BE-4374-489A-B83B-400831469EAD}.AppStore|Any CPU.Deploy.0 = Release|Any CPU
		{A7DB74BE-4374-489A-B83B-400831469EAD}.AppStore|iPhone.ActiveCfg = Release|Any CPU
		{A7DB74BE-4374-489A-B83B-400831469EAD}.AppStore|iPhone.Build.0 = Release|Any CPU
		{A7DB74BE-4374-489A-B83B-400831469EAD}.AppStore|iPhone.Deploy.0 = Release|Any CPU
		{A7DB74BE-4374-489A-B83B-400831469EAD}.AppStore|iPhoneSimulator.ActiveCfg = Release|Any CPU
		{A7DB74BE-4374-489A-B83B-400831469EAD}.AppStore|iPhoneSimulator.Build.0 = Release|Any CPU
		{A7DB74BE-4374-489A-B83B-400831469EAD}.AppStore|iPhoneSimulator.Deploy.0 = Release|Any CPU
		{A7DB74BE-4374-489A-B83B-400831469EAD}.Debug|Any CPU.ActiveCfg = Debug|Any CPU
		{A7DB74BE-4374-489A-B83B-400831469EAD}.Debug|Any CPU.Build.0 = Debug|Any CPU
		{A7DB74BE-4374-489A-B83B-400831469EAD}.Debug|Any CPU.Deploy.0 = Debug|Any CPU
		{A7DB74BE-4374-489A-B83B-400831469EAD}.Debug|iPhone.ActiveCfg = Debug|Any CPU
		{A7DB74BE-4374-489A-B83B-400831469EAD}.Debug|iPhone.Build.0 = Debug|Any CPU
		{A7DB74BE-4374-489A-B83B-400831469EAD}.Debug|iPhone.Deploy.0 = Debug|Any CPU
		{A7DB74BE-4374-489A-B83B-400831469EAD}.Debug|iPhoneSimulator.ActiveCfg = Debug|Any CPU
		{A7DB74BE-4374-489A-B83B-400831469EAD}.Debug|iPhoneSimulator.Build.0 = Debug|Any CPU
		{A7DB74BE-4374-489A-B83B-400831469EAD}.Debug|iPhoneSimulator.Deploy.0 = Debug|Any CPU
		{A7DB74BE-4374-489A-B83B-400831469EAD}.Release|Any CPU.ActiveCfg = Release|Any CPU
		{A7DB74BE-4374-489A-B83B-400831469EAD}.Release|Any CPU.Build.0 = Release|Any CPU
		{A7DB74BE-4374-489A-B83B-400831469EAD}.Release|Any CPU.Deploy.0 = Release|Any CPU
		{A7DB74BE-4374-489A-B83B-400831469EAD}.Release|iPhone.ActiveCfg = Release|Any CPU
		{A7DB74BE-4374-489A-B83B-400831469EAD}.Release|iPhone.Build.0 = Release|Any CPU
		{A7DB74BE-4374-489A-B83B-400831469EAD}.Release|iPhone.Deploy.0 = Release|Any CPU
		{A7DB74BE-4374-489A-B83B-400831469EAD}.Release|iPhoneSimulator.ActiveCfg = Release|Any CPU
		{A7DB74BE-4374-489A-B83B-400831469EAD}.Release|iPhoneSimulator.Build.0 = Release|Any CPU
		{A7DB74BE-4374-489A-B83B-400831469EAD}.Release|iPhoneSimulator.Deploy.0 = Release|Any CPU
		{45515BE5-79F7-43BF-8E02-7AD11150C5E0}.Ad-Hoc|Any CPU.ActiveCfg = Debug|Any CPU
		{45515BE5-79F7-43BF-8E02-7AD11150C5E0}.Ad-Hoc|Any CPU.Build.0 = Debug|Any CPU
		{45515BE5-79F7-43BF-8E02-7AD11150C5E0}.Ad-Hoc|iPhone.ActiveCfg = Debug|Any CPU
		{45515BE5-79F7-43BF-8E02-7AD11150C5E0}.Ad-Hoc|iPhone.Build.0 = Debug|Any CPU
		{45515BE5-79F7-43BF-8E02-7AD11150C5E0}.Ad-Hoc|iPhoneSimulator.ActiveCfg = Debug|Any CPU
		{45515BE5-79F7-43BF-8E02-7AD11150C5E0}.Ad-Hoc|iPhoneSimulator.Build.0 = Debug|Any CPU
		{45515BE5-79F7-43BF-8E02-7AD11150C5E0}.AppStore|Any CPU.ActiveCfg = Debug|Any CPU
		{45515BE5-79F7-43BF-8E02-7AD11150C5E0}.AppStore|Any CPU.Build.0 = Debug|Any CPU
		{45515BE5-79F7-43BF-8E02-7AD11150C5E0}.AppStore|iPhone.ActiveCfg = Debug|Any CPU
		{45515BE5-79F7-43BF-8E02-7AD11150C5E0}.AppStore|iPhone.Build.0 = Debug|Any CPU
		{45515BE5-79F7-43BF-8E02-7AD11150C5E0}.AppStore|iPhoneSimulator.ActiveCfg = Debug|Any CPU
		{45515BE5-79F7-43BF-8E02-7AD11150C5E0}.AppStore|iPhoneSimulator.Build.0 = Debug|Any CPU
		{45515BE5-79F7-43BF-8E02-7AD11150C5E0}.Debug|Any CPU.ActiveCfg = Debug|Any CPU
		{45515BE5-79F7-43BF-8E02-7AD11150C5E0}.Debug|Any CPU.Build.0 = Debug|Any CPU
		{45515BE5-79F7-43BF-8E02-7AD11150C5E0}.Debug|iPhone.ActiveCfg = Debug|Any CPU
		{45515BE5-79F7-43BF-8E02-7AD11150C5E0}.Debug|iPhone.Build.0 = Debug|Any CPU
		{45515BE5-79F7-43BF-8E02-7AD11150C5E0}.Debug|iPhoneSimulator.ActiveCfg = Debug|Any CPU
		{45515BE5-79F7-43BF-8E02-7AD11150C5E0}.Debug|iPhoneSimulator.Build.0 = Debug|Any CPU
		{45515BE5-79F7-43BF-8E02-7AD11150C5E0}.Release|Any CPU.ActiveCfg = Release|Any CPU
		{45515BE5-79F7-43BF-8E02-7AD11150C5E0}.Release|Any CPU.Build.0 = Release|Any CPU
		{45515BE5-79F7-43BF-8E02-7AD11150C5E0}.Release|iPhone.ActiveCfg = Release|Any CPU
		{45515BE5-79F7-43BF-8E02-7AD11150C5E0}.Release|iPhone.Build.0 = Release|Any CPU
		{45515BE5-79F7-43BF-8E02-7AD11150C5E0}.Release|iPhoneSimulator.ActiveCfg = Release|Any CPU
		{45515BE5-79F7-43BF-8E02-7AD11150C5E0}.Release|iPhoneSimulator.Build.0 = Release|Any CPU
	EndGlobalSection
	GlobalSection(SolutionProperties) = preSolution
		HideSolutionNode = FALSE
	EndGlobalSection
	GlobalSection(ExtensibilityGlobals) = postSolution
		SolutionGuid = {776C5E07-1042-445B-BAE6-32D86F0F2494}
	EndGlobalSection
EndGlobal
