
Microsoft Visual Studio Solution File, Format Version 12.00
# Visual Studio Version 16
VisualStudioVersion = 16.0.29827.131
MinimumVisualStudioVersion = 10.0.40219.1
Project("{FAE04EC0-301F-11D3-BF4B-00C04F79EFBC}") = "RoomL21.Common", "RoomL21.Common\RoomL21.Common.csproj", "{D6996E82-4CFD-40B1-8604-B381B668D555}"
EndProject
Project("{FAE04EC0-301F-11D3-BF4B-00C04F79EFBC}") = "RoomL21.Web", "RoomL21.Web\RoomL21.Web.csproj", "{D2F4F176-7E6B-492A-8984-50041DBB61E5}"
EndProject
Project("{FAE04EC0-301F-11D3-BF4B-00C04F79EFBC}") = "RoomL21.Prism", "RoomL21.Prism\RoomL21.Prism\RoomL21.Prism.csproj", "{18377CEE-309E-40BC-827B-FCED9012E5B0}"
EndProject
Project("{FAE04EC0-301F-11D3-BF4B-00C04F79EFBC}") = "RoomL21.Prism.Android", "RoomL21.Prism\RoomL21.Prism.Android\RoomL21.Prism.Android.csproj", "{F4746FD8-F3ED-46E7-9FD8-0F1D780F9C95}"
EndProject
Global
	GlobalSection(SolutionConfigurationPlatforms) = preSolution
		Ad-Hoc|Any CPU = Ad-Hoc|Any CPU
		Ad-Hoc|iPhone = Ad-Hoc|iPhone
		Ad-Hoc|iPhoneSimulator = Ad-Hoc|iPhoneSimulator
		AppStore|Any CPU = AppStore|Any CPU
		AppStore|iPhone = AppStore|iPhone
		AppStore|iPhoneSimulator = AppStore|iPhoneSimulator
		Debug|Any CPU = Debug|Any CPU
		Debug|iPhone = Debug|iPhone
		Debug|iPhoneSimulator = Debug|iPhoneSimulator
		Release|Any CPU = Release|Any CPU
		Release|iPhone = Release|iPhone
		Release|iPhoneSimulator = Release|iPhoneSimulator
	EndGlobalSection
	GlobalSection(ProjectConfigurationPlatforms) = postSolution
		{D6996E82-4CFD-40B1-8604-B381B668D555}.Ad-Hoc|Any CPU.ActiveCfg = Debug|Any CPU
		{D6996E82-4CFD-40B1-8604-B381B668D555}.Ad-Hoc|Any CPU.Build.0 = Debug|Any CPU
		{D6996E82-4CFD-40B1-8604-B381B668D555}.Ad-Hoc|iPhone.ActiveCfg = Debug|Any CPU
		{D6996E82-4CFD-40B1-8604-B381B668D555}.Ad-Hoc|iPhone.Build.0 = Debug|Any CPU
		{D6996E82-4CFD-40B1-8604-B381B668D555}.Ad-Hoc|iPhoneSimulator.ActiveCfg = Debug|Any CPU
		{D6996E82-4CFD-40B1-8604-B381B668D555}.Ad-Hoc|iPhoneSimulator.Build.0 = Debug|Any CPU
		{D6996E82-4CFD-40B1-8604-B381B668D555}.AppStore|Any CPU.ActiveCfg = Debug|Any CPU
		{D6996E82-4CFD-40B1-8604-B381B668D555}.AppStore|Any CPU.Build.0 = Debug|Any CPU
		{D6996E82-4CFD-40B1-8604-B381B668D555}.AppStore|iPhone.ActiveCfg = Debug|Any CPU
		{D6996E82-4CFD-40B1-8604-B381B668D555}.AppStore|iPhone.Build.0 = Debug|Any CPU
		{D6996E82-4CFD-40B1-8604-B381B668D555}.AppStore|iPhoneSimulator.ActiveCfg = Debug|Any CPU
		{D6996E82-4CFD-40B1-8604-B381B668D555}.AppStore|iPhoneSimulator.Build.0 = Debug|Any CPU
		{D6996E82-4CFD-40B1-8604-B381B668D555}.Debug|Any CPU.ActiveCfg = Debug|Any CPU
		{D6996E82-4CFD-40B1-8604-B381B668D555}.Debug|Any CPU.Build.0 = Debug|Any CPU
		{D6996E82-4CFD-40B1-8604-B381B668D555}.Debug|iPhone.ActiveCfg = Debug|Any CPU
		{D6996E82-4CFD-40B1-8604-B381B668D555}.Debug|iPhone.Build.0 = Debug|Any CPU
		{D6996E82-4CFD-40B1-8604-B381B668D555}.Debug|iPhoneSimulator.ActiveCfg = Debug|Any CPU
		{D6996E82-4CFD-40B1-8604-B381B668D555}.Debug|iPhoneSimulator.Build.0 = Debug|Any CPU
		{D6996E82-4CFD-40B1-8604-B381B668D555}.Release|Any CPU.ActiveCfg = Release|Any CPU
		{D6996E82-4CFD-40B1-8604-B381B668D555}.Release|Any CPU.Build.0 = Release|Any CPU
		{D6996E82-4CFD-40B1-8604-B381B668D555}.Release|iPhone.ActiveCfg = Release|Any CPU
		{D6996E82-4CFD-40B1-8604-B381B668D555}.Release|iPhone.Build.0 = Release|Any CPU
		{D6996E82-4CFD-40B1-8604-B381B668D555}.Release|iPhoneSimulator.ActiveCfg = Release|Any CPU
		{D6996E82-4CFD-40B1-8604-B381B668D555}.Release|iPhoneSimulator.Build.0 = Release|Any CPU
		{D2F4F176-7E6B-492A-8984-50041DBB61E5}.Ad-Hoc|Any CPU.ActiveCfg = Debug|Any CPU
		{D2F4F176-7E6B-492A-8984-50041DBB61E5}.Ad-Hoc|Any CPU.Build.0 = Debug|Any CPU
		{D2F4F176-7E6B-492A-8984-50041DBB61E5}.Ad-Hoc|iPhone.ActiveCfg = Debug|Any CPU
		{D2F4F176-7E6B-492A-8984-50041DBB61E5}.Ad-Hoc|iPhone.Build.0 = Debug|Any CPU
		{D2F4F176-7E6B-492A-8984-50041DBB61E5}.Ad-Hoc|iPhoneSimulator.ActiveCfg = Debug|Any CPU
		{D2F4F176-7E6B-492A-8984-50041DBB61E5}.Ad-Hoc|iPhoneSimulator.Build.0 = Debug|Any CPU
		{D2F4F176-7E6B-492A-8984-50041DBB61E5}.AppStore|Any CPU.ActiveCfg = Debug|Any CPU
		{D2F4F176-7E6B-492A-8984-50041DBB61E5}.AppStore|Any CPU.Build.0 = Debug|Any CPU
		{D2F4F176-7E6B-492A-8984-50041DBB61E5}.AppStore|iPhone.ActiveCfg = Debug|Any CPU
		{D2F4F176-7E6B-492A-8984-50041DBB61E5}.AppStore|iPhone.Build.0 = Debug|Any CPU
		{D2F4F176-7E6B-492A-8984-50041DBB61E5}.AppStore|iPhoneSimulator.ActiveCfg = Debug|Any CPU
		{D2F4F176-7E6B-492A-8984-50041DBB61E5}.AppStore|iPhoneSimulator.Build.0 = Debug|Any CPU
		{D2F4F176-7E6B-492A-8984-50041DBB61E5}.Debug|Any CPU.ActiveCfg = Debug|Any CPU
		{D2F4F176-7E6B-492A-8984-50041DBB61E5}.Debug|Any CPU.Build.0 = Debug|Any CPU
		{D2F4F176-7E6B-492A-8984-50041DBB61E5}.Debug|iPhone.ActiveCfg = Debug|Any CPU
		{D2F4F176-7E6B-492A-8984-50041DBB61E5}.Debug|iPhone.Build.0 = Debug|Any CPU
		{D2F4F176-7E6B-492A-8984-50041DBB61E5}.Debug|iPhoneSimulator.ActiveCfg = Debug|Any CPU
		{D2F4F176-7E6B-492A-8984-50041DBB61E5}.Debug|iPhoneSimulator.Build.0 = Debug|Any CPU
		{D2F4F176-7E6B-492A-8984-50041DBB61E5}.Release|Any CPU.ActiveCfg = Release|Any CPU
		{D2F4F176-7E6B-492A-8984-50041DBB61E5}.Release|Any CPU.Build.0 = Release|Any CPU
		{D2F4F176-7E6B-492A-8984-50041DBB61E5}.Release|iPhone.ActiveCfg = Release|Any CPU
		{D2F4F176-7E6B-492A-8984-50041DBB61E5}.Release|iPhone.Build.0 = Release|Any CPU
		{D2F4F176-7E6B-492A-8984-50041DBB61E5}.Release|iPhoneSimulator.ActiveCfg = Release|Any CPU
		{D2F4F176-7E6B-492A-8984-50041DBB61E5}.Release|iPhoneSimulator.Build.0 = Release|Any CPU
		{18377CEE-309E-40BC-827B-FCED9012E5B0}.Ad-Hoc|Any CPU.ActiveCfg = Debug|Any CPU
		{18377CEE-309E-40BC-827B-FCED9012E5B0}.Ad-Hoc|Any CPU.Build.0 = Debug|Any CPU
		{18377CEE-309E-40BC-827B-FCED9012E5B0}.Ad-Hoc|iPhone.ActiveCfg = Debug|Any CPU
		{18377CEE-309E-40BC-827B-FCED9012E5B0}.Ad-Hoc|iPhone.Build.0 = Debug|Any CPU
		{18377CEE-309E-40BC-827B-FCED9012E5B0}.Ad-Hoc|iPhoneSimulator.ActiveCfg = Debug|Any CPU
		{18377CEE-309E-40BC-827B-FCED9012E5B0}.Ad-Hoc|iPhoneSimulator.Build.0 = Debug|Any CPU
		{18377CEE-309E-40BC-827B-FCED9012E5B0}.AppStore|Any CPU.ActiveCfg = Debug|Any CPU
		{18377CEE-309E-40BC-827B-FCED9012E5B0}.AppStore|Any CPU.Build.0 = Debug|Any CPU
		{18377CEE-309E-40BC-827B-FCED9012E5B0}.AppStore|iPhone.ActiveCfg = Debug|Any CPU
		{18377CEE-309E-40BC-827B-FCED9012E5B0}.AppStore|iPhone.Build.0 = Debug|Any CPU
		{18377CEE-309E-40BC-827B-FCED9012E5B0}.AppStore|iPhoneSimulator.ActiveCfg = Debug|Any CPU
		{18377CEE-309E-40BC-827B-FCED9012E5B0}.AppStore|iPhoneSimulator.Build.0 = Debug|Any CPU
		{18377CEE-309E-40BC-827B-FCED9012E5B0}.Debug|Any CPU.ActiveCfg = Debug|Any CPU
		{18377CEE-309E-40BC-827B-FCED9012E5B0}.Debug|Any CPU.Build.0 = Debug|Any CPU
		{18377CEE-309E-40BC-827B-FCED9012E5B0}.Debug|iPhone.ActiveCfg = Debug|Any CPU
		{18377CEE-309E-40BC-827B-FCED9012E5B0}.Debug|iPhone.Build.0 = Debug|Any CPU
		{18377CEE-309E-40BC-827B-FCED9012E5B0}.Debug|iPhoneSimulator.ActiveCfg = Debug|Any CPU
		{18377CEE-309E-40BC-827B-FCED9012E5B0}.Debug|iPhoneSimulator.Build.0 = Debug|Any CPU
		{18377CEE-309E-40BC-827B-FCED9012E5B0}.Release|Any CPU.ActiveCfg = Release|Any CPU
		{18377CEE-309E-40BC-827B-FCED9012E5B0}.Release|Any CPU.Build.0 = Release|Any CPU
		{18377CEE-309E-40BC-827B-FCED9012E5B0}.Release|iPhone.ActiveCfg = Release|Any CPU
		{18377CEE-309E-40BC-827B-FCED9012E5B0}.Release|iPhone.Build.0 = Release|Any CPU
		{18377CEE-309E-40BC-827B-FCED9012E5B0}.Release|iPhoneSimulator.ActiveCfg = Release|Any CPU
		{18377CEE-309E-40BC-827B-FCED9012E5B0}.Release|iPhoneSimulator.Build.0 = Release|Any CPU
		{F4746FD8-F3ED-46E7-9FD8-0F1D780F9C95}.Ad-Hoc|Any CPU.ActiveCfg = Release|Any CPU
		{F4746FD8-F3ED-46E7-9FD8-0F1D780F9C95}.Ad-Hoc|Any CPU.Build.0 = Release|Any CPU
		{F4746FD8-F3ED-46E7-9FD8-0F1D780F9C95}.Ad-Hoc|Any CPU.Deploy.0 = Release|Any CPU
		{F4746FD8-F3ED-46E7-9FD8-0F1D780F9C95}.Ad-Hoc|iPhone.ActiveCfg = Release|Any CPU
		{F4746FD8-F3ED-46E7-9FD8-0F1D780F9C95}.Ad-Hoc|iPhone.Build.0 = Release|Any CPU
		{F4746FD8-F3ED-46E7-9FD8-0F1D780F9C95}.Ad-Hoc|iPhone.Deploy.0 = Release|Any CPU
		{F4746FD8-F3ED-46E7-9FD8-0F1D780F9C95}.Ad-Hoc|iPhoneSimulator.ActiveCfg = Release|Any CPU
		{F4746FD8-F3ED-46E7-9FD8-0F1D780F9C95}.Ad-Hoc|iPhoneSimulator.Build.0 = Release|Any CPU
		{F4746FD8-F3ED-46E7-9FD8-0F1D780F9C95}.Ad-Hoc|iPhoneSimulator.Deploy.0 = Release|Any CPU
		{F4746FD8-F3ED-46E7-9FD8-0F1D780F9C95}.AppStore|Any CPU.ActiveCfg = Release|Any CPU
		{F4746FD8-F3ED-46E7-9FD8-0F1D780F9C95}.AppStore|Any CPU.Build.0 = Release|Any CPU
		{F4746FD8-F3ED-46E7-9FD8-0F1D780F9C95}.AppStore|Any CPU.Deploy.0 = Release|Any CPU
		{F4746FD8-F3ED-46E7-9FD8-0F1D780F9C95}.AppStore|iPhone.ActiveCfg = Release|Any CPU
		{F4746FD8-F3ED-46E7-9FD8-0F1D780F9C95}.AppStore|iPhone.Build.0 = Release|Any CPU
		{F4746FD8-F3ED-46E7-9FD8-0F1D780F9C95}.AppStore|iPhone.Deploy.0 = Release|Any CPU
		{F4746FD8-F3ED-46E7-9FD8-0F1D780F9C95}.AppStore|iPhoneSimulator.ActiveCfg = Release|Any CPU
		{F4746FD8-F3ED-46E7-9FD8-0F1D780F9C95}.AppStore|iPhoneSimulator.Build.0 = Release|Any CPU
		{F4746FD8-F3ED-46E7-9FD8-0F1D780F9C95}.AppStore|iPhoneSimulator.Deploy.0 = Release|Any CPU
		{F4746FD8-F3ED-46E7-9FD8-0F1D780F9C95}.Debug|Any CPU.ActiveCfg = Debug|Any CPU
		{F4746FD8-F3ED-46E7-9FD8-0F1D780F9C95}.Debug|Any CPU.Build.0 = Debug|Any CPU
		{F4746FD8-F3ED-46E7-9FD8-0F1D780F9C95}.Debug|Any CPU.Deploy.0 = Debug|Any CPU
		{F4746FD8-F3ED-46E7-9FD8-0F1D780F9C95}.Debug|iPhone.ActiveCfg = Debug|Any CPU
		{F4746FD8-F3ED-46E7-9FD8-0F1D780F9C95}.Debug|iPhone.Build.0 = Debug|Any CPU
		{F4746FD8-F3ED-46E7-9FD8-0F1D780F9C95}.Debug|iPhone.Deploy.0 = Debug|Any CPU
		{F4746FD8-F3ED-46E7-9FD8-0F1D780F9C95}.Debug|iPhoneSimulator.ActiveCfg = Debug|Any CPU
		{F4746FD8-F3ED-46E7-9FD8-0F1D780F9C95}.Debug|iPhoneSimulator.Build.0 = Debug|Any CPU
		{F4746FD8-F3ED-46E7-9FD8-0F1D780F9C95}.Debug|iPhoneSimulator.Deploy.0 = Debug|Any CPU
		{F4746FD8-F3ED-46E7-9FD8-0F1D780F9C95}.Release|Any CPU.ActiveCfg = Release|Any CPU
		{F4746FD8-F3ED-46E7-9FD8-0F1D780F9C95}.Release|Any CPU.Build.0 = Release|Any CPU
		{F4746FD8-F3ED-46E7-9FD8-0F1D780F9C95}.Release|Any CPU.Deploy.0 = Release|Any CPU
		{F4746FD8-F3ED-46E7-9FD8-0F1D780F9C95}.Release|iPhone.ActiveCfg = Release|Any CPU
		{F4746FD8-F3ED-46E7-9FD8-0F1D780F9C95}.Release|iPhone.Build.0 = Release|Any CPU
		{F4746FD8-F3ED-46E7-9FD8-0F1D780F9C95}.Release|iPhone.Deploy.0 = Release|Any CPU
		{F4746FD8-F3ED-46E7-9FD8-0F1D780F9C95}.Release|iPhoneSimulator.ActiveCfg = Release|Any CPU
		{F4746FD8-F3ED-46E7-9FD8-0F1D780F9C95}.Release|iPhoneSimulator.Build.0 = Release|Any CPU
		{F4746FD8-F3ED-46E7-9FD8-0F1D780F9C95}.Release|iPhoneSimulator.Deploy.0 = Release|Any CPU
	EndGlobalSection
	GlobalSection(SolutionProperties) = preSolution
		HideSolutionNode = FALSE
	EndGlobalSection
	GlobalSection(ExtensibilityGlobals) = postSolution
		SolutionGuid = {F45B87A0-4C28-4550-8E21-066E4247841A}
	EndGlobalSection
EndGlobal
